
Microsoft Visual Studio Solution File, Format Version 12.00
# Visual Studio Version 17
VisualStudioVersion = 17.1.32210.238
MinimumVisualStudioVersion = 10.0.40219.1
Project("{FAE04EC0-301F-11D3-BF4B-00C04F79EFBC}") = "Banking", "Banking.csproj", "{C8513CAC-76EC-45C3-AFB0-5B95283D5DF9}"
EndProject
Global
	GlobalSection(SolutionConfigurationPlatforms) = preSolution
		Debug|Any CPU = Debug|Any CPU
		Release|Any CPU = Release|Any CPU
	EndGlobalSection
	GlobalSection(ProjectConfigurationPlatforms) = postSolution
		{C8513CAC-76EC-45C3-AFB0-5B95283D5DF9}.Debug|Any CPU.ActiveCfg = Debug|Any CPU
		{C8513CAC-76EC-45C3-AFB0-5B95283D5DF9}.Debug|Any CPU.Build.0 = Debug|Any CPU
		{C8513CAC-76EC-45C3-AFB0-5B95283D5DF9}.Release|Any CPU.ActiveCfg = Release|Any CPU
		{C8513CAC-76EC-45C3-AFB0-5B95283D5DF9}.Release|Any CPU.Build.0 = Release|Any CPU
	EndGlobalSection
	GlobalSection(SolutionProperties) = preSolution
		HideSolutionNode = FALSE
	EndGlobalSection
	GlobalSection(ExtensibilityGlobals) = postSolution
		SolutionGuid = {4291E399-81E4-4248-BCE0-F8C6B13EC22B}
	EndGlobalSection
EndGlobal
